
Microsoft Visual Studio Solution File, Format Version 12.00
# Visual Studio Version 16
VisualStudioVersion = 25.0.1706.1
MinimumVisualStudioVersion = 10.0.40219.1
Project("{FAE04EC0-301F-11D3-BF4B-00C04F79EFBC}") = "SpartaDungeon", "SpartaDungeon.csproj", "{EC313DD7-1928-4D91-939D-7E9118857870}"
EndProject
Global
	GlobalSection(SolutionConfigurationPlatforms) = preSolution
		Debug|Any CPU = Debug|Any CPU
		Release|Any CPU = Release|Any CPU
	EndGlobalSection
	GlobalSection(ProjectConfigurationPlatforms) = postSolution
		{EC313DD7-1928-4D91-939D-7E9118857870}.Debug|Any CPU.ActiveCfg = Debug|Any CPU
		{EC313DD7-1928-4D91-939D-7E9118857870}.Debug|Any CPU.Build.0 = Debug|Any CPU
		{EC313DD7-1928-4D91-939D-7E9118857870}.Release|Any CPU.ActiveCfg = Release|Any CPU
		{EC313DD7-1928-4D91-939D-7E9118857870}.Release|Any CPU.Build.0 = Release|Any CPU
	EndGlobalSection
	GlobalSection(SolutionProperties) = preSolution
		HideSolutionNode = FALSE
	EndGlobalSection
	GlobalSection(ExtensibilityGlobals) = postSolution
		SolutionGuid = {88ED7584-1CAD-4CBA-A247-C82D827CD356}
	EndGlobalSection
EndGlobal
